
Microsoft Visual Studio Solution File, Format Version 12.00
# Visual Studio Version 16
VisualStudioVersion = 16.0.30003.165
MinimumVisualStudioVersion = 10.0.40219.1
Project("{FAE04EC0-301F-11D3-BF4B-00C04F79EFBC}") = "WebAppMvc_Anc31_core_Empty_1", "WebAppMvc_Anc31_core_Empty_1\WebAppMvc_Anc31_core_Empty_1.csproj", "{DB14F3D3-94F9-4B76-BEC4-05D184EA427C}"
EndProject
Global
	GlobalSection(SolutionConfigurationPlatforms) = preSolution
		Debug|Any CPU = Debug|Any CPU
		Release|Any CPU = Release|Any CPU
	EndGlobalSection
	GlobalSection(ProjectConfigurationPlatforms) = postSolution
		{DB14F3D3-94F9-4B76-BEC4-05D184EA427C}.Debug|Any CPU.ActiveCfg = Debug|Any CPU
		{DB14F3D3-94F9-4B76-BEC4-05D184EA427C}.Debug|Any CPU.Build.0 = Debug|Any CPU
		{DB14F3D3-94F9-4B76-BEC4-05D184EA427C}.Release|Any CPU.ActiveCfg = Release|Any CPU
		{DB14F3D3-94F9-4B76-BEC4-05D184EA427C}.Release|Any CPU.Build.0 = Release|Any CPU
	EndGlobalSection
	GlobalSection(SolutionProperties) = preSolution
		HideSolutionNode = FALSE
	EndGlobalSection
	GlobalSection(ExtensibilityGlobals) = postSolution
		SolutionGuid = {3BD03F36-51F1-4331-93E7-186444E48869}
	EndGlobalSection
EndGlobal
